{
  "version": 4,
  "terraform_version": "1.14.8",
  "serial": 46,
  "lineage": "57652638-1a0f-02ea-7d4d-da61a7e7e5b5",
  "outputs": {
    "artifact_repository_url": {
      "value": "us-central1-docker.pkg.dev/unified-parser-493312-d0/crowdflow-repo",
      "type": "string"
    },
    "gcp_sa_key": {
      "value": "ewogICJ0eXBlIjogInNlcnZpY2VfYWNjb3VudCIsCiAgInByb2plY3RfaWQiOiAidW5pZmllZC1wYXJzZXItNDkzMzEyLWQwIiwKICAicHJpdmF0ZV9rZXlfaWQiOiAiYTA0NDAwYTYzYzY5MTZkM2U5ODU5NTdhM2E3M2E5YzU0ZGQ5YWY0MiIsCiAgInByaXZhdGVfa2V5IjogIi0tLS0tQkVHSU4gUFJJVkFURSBLRVktLS0tLVxuTUlJRXZRSUJBREFOQmdrcWhraUc5dzBCQVFFRkFBU0NCS2N3Z2dTakFnRUFBb0lCQVFDZDExZjFHSFBZVkhidFxudHFBRHF6d2ljNFU2ZlNOVzlhYlVQdVNLcGY2R0NLMWVXZFpRSFljRmlsSVNNSlZxWnBDaDg1UHZlV3NxZFJSRlxuc0JnbGsyd1BySGlEbW11dHNJWUwvZVhvS2NVZkovNHRwam8rejVNUEs2TGxWMENVWjB4Vm9naWF3UFU4WUQ3N1xuR1FNZHpuck5TT3FGeE80Z05EOVkvTXVJcFhPYkpma3JUUWEzK29Va3BDZGl4YjFremJMRDFvK2ppd0hjR2ovWlxuT1puRHA3d0VZZExXREpDNTZOcGQxcWNQNjdUa0FCV2JrWkpWcmFVVmJmYUFYMTMwbGtKdHBOTmNJa3Jsd1FuclxuenptYmtYNVFnWEVYR3dtOVN5NXo2MnU5TGZDZXJ6TmlUc1F2akVZNDBSYzdFVWlXVFc4MGROSDdRZVZGNng1MFxubnhkc3BTWTlBZ01CQUFFQ2dnRUFBc0hsbmNXZHI2eC9ySlRYM2NpS3VYN3pWNVVpcXdOV20wUUROUllRcnlIQVxuUm1Zditmb2U0S0hNMzlmZ0NTYTNXTGdrdWNOZDlBSFR6VlhjVGlGWUZLSnFtY0VwOUpwVWpzTkYxanRieGxKMlxuMWpCUnVaSElLSnN3REFhZ1NoZHBGZUN3RkdUUjl5UEFmNFBncFZ3b0xBdTNXcnNZNUtvaHpNWjV5cFRUd3hmNVxubW9YQkpKNncwMWxtTTJpc3JKNjE3dXg5UEdzZEtYcHhjYjdkRFVGM0YyL0M4LzJ0eUQ0YmU1cTBISWJxL1R3ZlxuRmZXWWt1b2VwTzJxR1ZFRWZxbGlxREZLcmdiVk83UG9OYWROVmtneDNITnpQK1lJcGpLZDdlYUs0RWpQMEJDU1xuYzJGMWhRMm1KdTVjQnJrUHFzamNTRlZWRWRYS1NJU0dVVU1nSTdhNUlRS0JnUURSa2FZLy81Njh0OUVlVTAzNVxuVWxGaWl2dUdiZ05hOHdyNEMrbFdwejZIWXY2OFBGdVVyQm9vSVlaWVlzeUhQODdhejRpTm9aRGY3cG41Nk1BN1xueHBZQ0tBSTZoUHlkNVhxdzgxbDY1Nmt1RmMrWW44SVBKelJzcVpDT0REK3d5b1JUZzNWQnNqd3krKzNQbWNkQ1xuWVhqOW5UUU1NRjBkYzB0U3BpUys0SS9pY1FLQmdRREF6OHRqS0JzOTM1ZkZKclNXeGFNMU9jL2pKbzlUYTNaVlxuTXJ5a1RrVWcxMldqdjF4aFZ3K3JOa0hXUFFDRTRPQURjQmhJYUVwN3RlaHdwU1ZRUkxOcTlsWG9od2RBdEJYTlxuR0ZJRUJienltUHdEZjVSc2FnWmNiYk9IV21Dd1NGcUZNRlBScWVJaE1lZ05VYXI2eFNoZVJlMGZnaDdwbTJTbFxuWDJJNEVsZE9qUUtCZ1FERDNlRUlCNTBRdkt4U0w0RzgrRmJnUncxMlF2UVgyUGZ6aFE1ODBxcjZWbWZHL3BLSlxuamFDVXlXQ0sweXhkYkNHbEdEcUVSUERtbWxhRzRDWnF0OXdULzlpMVlQM0poV1Q2WlRiSVRDUXUwbXZJTmVobFxueVRxU0pKamFhbEJNcDdxdFl6d0FQdGxNdlhFeWlvTlZZMHgxbkt1OGlLYytremRlODdGOFJOMjF3UUtCZ0hxNFxuaDVxd0gwNnRidHMwUElNdWZpZlZpU1RxR1JXZWMyM2M0a2F0N3IvdGVTclZGTVo3OUdRa0g1bHRzRlBqRVpIK1xubWVZVVF6d2tWekxEV2xHUnVLVGU3MlVWOUo3UlFJTU85THpNcml1M0JjaHdQcGNXa0wvcHJ2ZjZwVW51YzNjTVxuZ0gwVlpQRjk0MVgrNGhYRXdXSG5uZnFOQm9IbnZ4S20rRXY2R0luTkFvR0FQNXkvQXBLcWQ1ZEg2OEk2QitkVFxuTzNyMFR5OVNyWHJ4ZlQ3bVM1MFpPMUZuTndyaVJ2WFFZenhsUzdjdGt1VDBXQzBDQjNYUHVtUzd6WTlCSmxUYVxuS1hXdHhEbWV1WFVrV2QvR0Z4Nnk4YWF2OGZVaFYyTGRtWEtVWFlDUk9XQ1hxU2U1WGtvaVZYV3BybWtQYVl5NlxuQTFTTTlpbDVLR2VubUlvaVpsYUZoNnM9XG4tLS0tLUVORCBQUklWQVRFIEtFWS0tLS0tXG4iLAogICJjbGllbnRfZW1haWwiOiAiZ2l0aHViLWFjdGlvbnMtc2FAdW5pZmllZC1wYXJzZXItNDkzMzEyLWQwLmlhbS5nc2VydmljZWFjY291bnQuY29tIiwKICAiY2xpZW50X2lkIjogIjExMDA4MDIwODkzMjAxMjAzODIxMiIsCiAgImF1dGhfdXJpIjogImh0dHBzOi8vYWNjb3VudHMuZ29vZ2xlLmNvbS9vL29hdXRoMi9hdXRoIiwKICAidG9rZW5fdXJpIjogImh0dHBzOi8vb2F1dGgyLmdvb2dsZWFwaXMuY29tL3Rva2VuIiwKICAiYXV0aF9wcm92aWRlcl94NTA5X2NlcnRfdXJsIjogImh0dHBzOi8vd3d3Lmdvb2dsZWFwaXMuY29tL29hdXRoMi92MS9jZXJ0cyIsCiAgImNsaWVudF94NTA5X2NlcnRfdXJsIjogImh0dHBzOi8vd3d3Lmdvb2dsZWFwaXMuY29tL3JvYm90L3YxL21ldGFkYXRhL3g1MDkvZ2l0aHViLWFjdGlvbnMtc2ElNDB1bmlmaWVkLXBhcnNlci00OTMzMTItZDAuaWFtLmdzZXJ2aWNlYWNjb3VudC5jb20iLAogICJ1bml2ZXJzZV9kb21haW4iOiAiZ29vZ2xlYXBpcy5jb20iCn0K",
      "type": "string",
      "sensitive": true
    },
    "gke_cluster_endpoint": {
      "value": "34.63.6.54",
      "type": "string"
    },
    "redis_host": {
      "value": "10.171.5.99",
      "type": "string"
    },
    "sql_connection_name": {
      "value": "unified-parser-493312-d0:us-central1:crowdflow-postgres",
      "type": "string"
    }
  },
  "resources": [
    {
      "mode": "managed",
      "type": "google_artifact_registry_repository",
      "name": "repo",
      "provider": "provider[\"registry.terraform.io/hashicorp/google\"]",
      "instances": [
        {
          "schema_version": 0,
          "attributes": {
            "cleanup_policies": [],
            "cleanup_policy_dry_run": false,
            "create_time": "2026-04-14T13:38:16.717221Z",
            "description": "",
            "docker_config": [],
            "effective_labels": {
              "goog-terraform-provisioned": "true"
            },
            "format": "DOCKER",
            "id": "projects/unified-parser-493312-d0/locations/us-central1/repositories/crowdflow-repo",
            "kms_key_name": "",
            "labels": {},
            "location": "us-central1",
            "maven_config": [],
            "mode": "STANDARD_REPOSITORY",
            "name": "crowdflow-repo",
            "project": "unified-parser-493312-d0",
            "registry_uri": "us-central1-docker.pkg.dev/unified-parser-493312-d0/crowdflow-repo",
            "remote_repository_config": [],
            "repository_id": "crowdflow-repo",
            "terraform_labels": {
              "goog-terraform-provisioned": "true"
            },
            "timeouts": null,
            "update_time": "2026-04-14T13:38:16.717221Z",
            "virtual_repository_config": [],
            "vulnerability_scanning_config": [
              {
                "enablement_config": "",
                "enablement_state": "SCANNING_DISABLED",
                "enablement_state_reason": "API containerscanning.googleapis.com is not enabled."
              }
            ]
          },
          "sensitive_attributes": [],
          "identity_schema_version": 0,
          "private": "eyJlMmJmYjczMC1lY2FhLTExZTYtOGY4OC0zNDM2M2JjN2M0YzAiOnsiY3JlYXRlIjoxMjAwMDAwMDAwMDAwLCJkZWxldGUiOjEyMDAwMDAwMDAwMDAsInVwZGF0ZSI6MTIwMDAwMDAwMDAwMH19",
          "dependencies": [
            "google_project_service.enabled_services"
          ]
        }
      ]
    },
    {
      "mode": "managed",
      "type": "google_container_cluster",
      "name": "primary",
      "provider": "provider[\"registry.terraform.io/hashicorp/google\"]",
      "instances": [
        {
          "schema_version": 2,
          "attributes": {
            "addons_config": [
              {
                "cloudrun_config": [],
                "config_connector_config": [],
                "dns_cache_config": [
                  {
                    "enabled": true
                  }
                ],
                "gce_persistent_disk_csi_driver_config": [
                  {
                    "enabled": true
                  }
                ],
                "gcp_filestore_csi_driver_config": [],
                "gcs_fuse_csi_driver_config": [],
                "gke_backup_agent_config": [],
                "horizontal_pod_autoscaling": [],
                "http_load_balancing": [],
                "lustre_csi_driver_config": [],
                "network_policy_config": [
                  {
                    "disabled": true
                  }
                ],
                "parallelstore_csi_driver_config": [],
                "ray_operator_config": [],
                "slice_controller_config": [],
                "stateful_ha_config": []
              }
            ],
            "allow_net_admin": null,
            "anonymous_authentication_config": [
              {
                "mode": "LIMITED"
              }
            ],
            "authenticator_groups_config": [],
            "autopilot_privileged_admission": [],
            "binary_authorization": [
              {
                "enabled": false,
                "evaluation_mode": ""
              }
            ],
            "cluster_autoscaling": [
              {
                "auto_provisioning_defaults": [
                  {
                    "boot_disk_kms_key": "",
                    "disk_size": 0,
                    "disk_type": "",
                    "image_type": "COS_CONTAINERD",
                    "management": [
                      {
                        "auto_repair": true,
                        "auto_upgrade": true,
                        "upgrade_options": []
                      }
                    ],
                    "min_cpu_platform": "",
                    "oauth_scopes": [
                      "https://www.googleapis.com/auth/devstorage.read_only",
                      "https://www.googleapis.com/auth/logging.write",
                      "https://www.googleapis.com/auth/monitoring",
                      "https://www.googleapis.com/auth/service.management.readonly",
                      "https://www.googleapis.com/auth/servicecontrol",
                      "https://www.googleapis.com/auth/trace.append"
                    ],
                    "service_account": "default",
                    "shielded_instance_config": [],
                    "upgrade_settings": []
                  }
                ],
                "auto_provisioning_locations": [],
                "autoscaling_profile": "BALANCED",
                "default_compute_class_enabled": false,
                "enabled": false,
                "resource_limits": []
              }
            ],
            "cluster_ipv4_cidr": "10.20.0.0/14",
            "confidential_nodes": [],
            "control_plane_endpoints_config": [
              {
                "dns_endpoint_config": [
                  {
                    "allow_external_traffic": false,
                    "enable_k8s_certs_via_dns": false,
                    "enable_k8s_tokens_via_dns": false,
                    "endpoint": "gke-d2a402e0961b4fd6851f6c20941ae439c0a1-190515633336.us-central1.gke.goog"
                  }
                ],
                "ip_endpoints_config": [
                  {
                    "enabled": true
                  }
                ]
              }
            ],
            "cost_management_config": [],
            "database_encryption": [
              {
                "key_name": "",
                "state": "DECRYPTED"
              }
            ],
            "datapath_provider": "",
            "default_max_pods_per_node": 110,
            "default_snat_status": [
              {
                "disabled": false
              }
            ],
            "deletion_protection": false,
            "description": "",
            "disable_l4_lb_firewall_reconciliation": false,
            "dns_config": [],
            "effective_labels": {
              "goog-terraform-provisioned": "true"
            },
            "enable_autopilot": false,
            "enable_cilium_clusterwide_network_policy": false,
            "enable_fqdn_network_policy": false,
            "enable_intranode_visibility": false,
            "enable_k8s_beta_apis": [],
            "enable_kubernetes_alpha": false,
            "enable_l4_ilb_subsetting": false,
            "enable_legacy_abac": false,
            "enable_multi_networking": false,
            "enable_shielded_nodes": true,
            "enable_tpu": false,
            "endpoint": "34.63.6.54",
            "enterprise_config": [
              {
                "cluster_tier": "STANDARD",
                "desired_tier": ""
              }
            ],
            "fleet": [],
            "gateway_api_config": [],
            "gke_auto_upgrade_config": [],
            "id": "projects/unified-parser-493312-d0/locations/us-central1/clusters/crowdflow-cluster",
            "identity_service_config": [],
            "in_transit_encryption_config": "",
            "initial_node_count": 1,
            "ip_allocation_policy": [
              {
                "additional_ip_ranges_config": [],
                "additional_pod_ranges_config": [],
                "auto_ipam_config": [],
                "cluster_ipv4_cidr_block": "10.20.0.0/14",
                "cluster_secondary_range_name": "gke-crowdflow-cluster-pods-d2a402e0",
                "network_tier_config": [
                  {
                    "network_tier": "NETWORK_TIER_DEFAULT"
                  }
                ],
                "pod_cidr_overprovision_config": [
                  {
                    "disabled": false
                  }
                ],
                "services_ipv4_cidr_block": "34.118.224.0/20",
                "services_secondary_range_name": "",
                "stack_type": "IPV4"
              }
            ],
            "label_fingerprint": "78cdf2f6",
            "location": "us-central1",
            "logging_config": [
              {
                "enable_components": [
                  "SYSTEM_COMPONENTS",
                  "WORKLOADS"
                ]
              }
            ],
            "logging_service": "logging.googleapis.com/kubernetes",
            "maintenance_policy": [],
            "master_auth": [
              {
                "client_certificate": "",
                "client_certificate_config": [
                  {
                    "issue_client_certificate": false
                  }
                ],
                "client_key": "",
                "cluster_ca_certificate": "LS0tLS1CRUdJTiBDRVJUSUZJQ0FURS0tLS0tCk1JSUVMRENDQXBTZ0F3SUJBZ0lRUXFIVjdUSGFNVkZjZlp5Q0MrWGNaREFOQmdrcWhraUc5dzBCQVFzRkFEQXYKTVMwd0t3WURWUVFERXlReFlUVTJNMk01WkMxaU9HTXdMVFJpTXprdFlUaGtaUzB3T0RNM1pERTJZVFEzTVRZdwpJQmNOTWpZd05ERTBNVFV5T1RBM1doZ1BNakExTmpBME1EWXhOakk1TURkYU1DOHhMVEFyQmdOVkJBTVRKREZoCk5UWXpZemxrTFdJNFl6QXROR0l6T1MxaE9HUmxMVEE0TXpka01UWmhORGN4TmpDQ0FhSXdEUVlKS29aSWh2Y04KQVFFQkJRQURnZ0dQQURDQ0FZb0NnZ0dCQUtTVWZNRE9sdkpuRndRcXpvUWtuUXdUQVFCMzV0dXpZa2hmU2hoOAovVjFqbEVzRG9kK1lRN1JOb2NUNkRaa3htd2J1RHZnMGFJV0N5UzBhNWJoNFljNVBlTEN6ZFRSa1lIUHNiKzJSCk9LZHUvTWFLb3g1Zm1UY3FaRENYZG1tZmRORzVnZWU1RlhUTnh4VGdYc0FLcnhPODg1TzJuMzhHbEZFb2ZJN0IKVS9tN1poR1VTLy9obWd0QWxrKzBCQnpoOVZQZCsrUlhjOW1xR3FKc1VPRFhvVWFVa2J6K0hhME9kanN6MFc1QgpwR1dRWTdWVWgxdUlDQzgwTll2OW8zNk01ZkRHbmx3YUVpa1YySDJ0Zm05c1J3eVk3N29uVGhZNENMUFNKNS9jCnVlRUsycUZ1RS9DbzZaSnVzM2VWTzBwTEF2ZWo2QXp1REZuM0lnLzY4ckpWQ0pIMWdjdDdKakovdTk5bkxsRnEKU1Myb01zRmVlSXVsZnpZNkZoZWY5S1duK3FJdGw3MW0zRTA4UHoyVnlZRERmTGpPbTdLc3RKSVFYWEowSGhtZQpTTGdEWXJiZGpBVmg0bDRUVkVOVU1XL1VnRDBUZWNidkxucFlKdkYrTWc4VzE5dDR2OEt4dDlpNlh2amVnNjcxCjlNUVhNaGJkZkdpZnVCdENURkpYNHF5TGtRSURBUUFCbzBJd1FEQU9CZ05WSFE4QkFmOEVCQU1DQWdRd0R3WUQKVlIwVEFRSC9CQVV3QXdFQi96QWRCZ05WSFE0RUZnUVUzaEM1eXV5dXFXdE1RK29ralpsUllZOFhLZ2t3RFFZSgpLb1pJaHZjTkFRRUxCUUFEZ2dHQkFKSXNpcUZZSURSMXVTdFRESzZRT1hETnVvODJxWHJDc3JWQTlXMVVCbW9wCllKWlIrYUJhU0RuL21wT01wY2p5enFIZnlkSmtzU01kZTNKZTRoM0JKdC9iaTUvU0paMGo5ekMzNTlEVHZkSDQKbkRMZ2lwOUw2R0tpUUhMbWp5MUpDQVNLWjN4MVNaUEM0T1FabytCRCtqN003VmtJTlFiNUpRTVR5eVNKTUhFNwo3U0xoaWNod1dzS3NUSDlYZGFCTVMxS25wWkE1cWJ0TlNOU0VqQnlwczlza1ZUcXR4REVNNW5mVWVWck5xdEc0CmMvbjRSRzJQcnh3S3hBRGZxcVdYNWlRNFdCbUszQ2wxZVdicDZWbGE5d2hnWlFnWjNvZ1lpb2x6OC9GWnkvZGMKZVRncC9uRGtHVXNXODZMTGxDUUF0SEtIV3YwMDdGUUNicGQzOXBKNWhBWTBXdzZOUDg4YkpoQ1J6WnpOcHpKQwp1Z0M0c2Q3c0t0bmI3Yk10UVhHS0dEZHBLWlVCWmdYemQ4VjN0RWErejV1aGxGRXU4QzNNcjMrMmpkd3VWNTFMCkFaVUw2S0dNQVJkY0FZMEx6eHRGTjhZYTI0M0JvbEc5dTNHNTl2UDVwdklVdzV3RVF4eWl0ZG04UHpIWlFIa0wKUHpENkZyVFh3bjRmMXI1aVdQZS9NUT09Ci0tLS0tRU5EIENFUlRJRklDQVRFLS0tLS0K"
              }
            ],
            "master_authorized_networks_config": [],
            "master_version": "1.35.1-gke.1396002",
            "mesh_certificates": [],
            "min_master_version": null,
            "monitoring_config": [
              {
                "advanced_datapath_observability_config": [
                  {
                    "enable_metrics": false,
                    "enable_relay": false
                  }
                ],
                "enable_components": [
                  "SYSTEM_COMPONENTS",
                  "POD",
                  "DAEMONSET",
                  "DEPLOYMENT",
                  "STATEFULSET",
                  "JOBSET",
                  "STORAGE",
                  "HPA",
                  "CADVISOR",
                  "KUBELET",
                  "DCGM"
                ],
                "managed_prometheus": [
                  {
                    "auto_monitoring_config": [],
                    "enabled": true
                  }
                ]
              }
            ],
            "monitoring_service": "monitoring.googleapis.com/kubernetes",
            "name": "crowdflow-cluster",
            "network": "projects/unified-parser-493312-d0/global/networks/default",
            "network_performance_config": [],
            "network_policy": [
              {
                "enabled": false,
                "provider": "PROVIDER_UNSPECIFIED"
              }
            ],
            "networking_mode": "VPC_NATIVE",
            "node_config": [
              {
                "advanced_machine_features": [],
                "boot_disk": [
                  {
                    "disk_type": "pd-standard",
                    "provisioned_iops": 0,
                    "provisioned_throughput": 0,
                    "size_gb": 50
                  }
                ],
                "boot_disk_kms_key": "",
                "confidential_nodes": [],
                "containerd_config": [],
                "disk_size_gb": 50,
                "disk_type": "pd-standard",
                "effective_taints": [],
                "enable_confidential_storage": false,
                "ephemeral_storage_local_ssd_config": [],
                "fast_socket": [],
                "flex_start": false,
                "gcfs_config": [],
                "guest_accelerator": [],
                "gvnic": [],
                "host_maintenance_policy": [],
                "image_type": "COS_CONTAINERD",
                "kubelet_config": [
                  {
                    "allowed_unsafe_sysctls": [],
                    "container_log_max_files": 0,
                    "container_log_max_size": "",
                    "cpu_cfs_quota": false,
                    "cpu_cfs_quota_period": "",
                    "cpu_manager_policy": "",
                    "eviction_max_pod_grace_period_seconds": 0,
                    "eviction_minimum_reclaim": [],
                    "eviction_soft": [],
                    "eviction_soft_grace_period": [],
                    "image_gc_high_threshold_percent": 0,
                    "image_gc_low_threshold_percent": 0,
                    "image_maximum_gc_age": "",
                    "image_minimum_gc_age": "",
                    "insecure_kubelet_readonly_port_enabled": "FALSE",
                    "max_parallel_image_pulls": 2,
                    "memory_manager": [],
                    "pod_pids_limit": 0,
                    "single_process_oom_kill": false,
                    "topology_manager": []
                  }
                ],
                "labels": {},
                "linux_node_config": [],
                "local_nvme_ssd_block_config": [],
                "local_ssd_count": 0,
                "local_ssd_encryption_mode": "",
                "logging_variant": "DEFAULT",
                "machine_type": "e2-medium",
                "max_run_duration": "",
                "metadata": {
                  "disable-legacy-endpoints": "true"
                },
                "min_cpu_platform": "",
                "node_group": "",
                "oauth_scopes": [
                  "https://www.googleapis.com/auth/cloud-platform"
                ],
                "preemptible": false,
                "reservation_affinity": [],
                "resource_labels": {
                  "goog-gke-node-pool-provisioning-model": "on-demand"
                },
                "resource_manager_tags": {},
                "sandbox_config": [],
                "secondary_boot_disks": [],
                "service_account": "default",
                "shielded_instance_config": [
                  {
                    "enable_integrity_monitoring": true,
                    "enable_secure_boot": false
                  }
                ],
                "sole_tenant_config": [],
                "spot": false,
                "storage_pools": [],
                "tags": [],
                "taint": [],
                "windows_node_config": [
                  {
                    "osversion": ""
                  }
                ],
                "workload_metadata_config": []
              }
            ],
            "node_locations": [
              "us-central1-b",
              "us-central1-c",
              "us-central1-f"
            ],
            "node_pool": [
              {
                "autoscaling": [],
                "initial_node_count": 2,
                "instance_group_urls": [
                  "https://www.googleapis.com/compute/v1/projects/unified-parser-493312-d0/zones/us-central1-f/instanceGroupManagers/gke-crowdflow-cluste-crowdflow-node-p-78275790-grp",
                  "https://www.googleapis.com/compute/v1/projects/unified-parser-493312-d0/zones/us-central1-b/instanceGroupManagers/gke-crowdflow-cluste-crowdflow-node-p-281fc671-grp",
                  "https://www.googleapis.com/compute/v1/projects/unified-parser-493312-d0/zones/us-central1-c/instanceGroupManagers/gke-crowdflow-cluste-crowdflow-node-p-58271e22-grp"
                ],
                "managed_instance_group_urls": [
                  "https://www.googleapis.com/compute/v1/projects/unified-parser-493312-d0/zones/us-central1-f/instanceGroups/gke-crowdflow-cluste-crowdflow-node-p-78275790-grp",
                  "https://www.googleapis.com/compute/v1/projects/unified-parser-493312-d0/zones/us-central1-b/instanceGroups/gke-crowdflow-cluste-crowdflow-node-p-281fc671-grp",
                  "https://www.googleapis.com/compute/v1/projects/unified-parser-493312-d0/zones/us-central1-c/instanceGroups/gke-crowdflow-cluste-crowdflow-node-p-58271e22-grp"
                ],
                "management": [
                  {
                    "auto_repair": true,
                    "auto_upgrade": true
                  }
                ],
                "max_pods_per_node": 110,
                "name": "crowdflow-node-pool",
                "name_prefix": "",
                "network_config": [
                  {
                    "additional_node_network_configs": [],
                    "additional_pod_network_configs": [],
                    "create_pod_range": false,
                    "enable_private_nodes": false,
                    "network_performance_config": [],
                    "pod_cidr_overprovision_config": [],
                    "pod_ipv4_cidr_block": "10.20.0.0/14",
                    "pod_range": "gke-crowdflow-cluster-pods-d2a402e0",
                    "subnetwork": "projects/unified-parser-493312-d0/regions/us-central1/subnetworks/default"
                  }
                ],
                "node_config": [
                  {
                    "advanced_machine_features": [],
                    "boot_disk": [
                      {
                        "disk_type": "pd-standard",
                        "provisioned_iops": 0,
                        "provisioned_throughput": 0,
                        "size_gb": 50
                      }
                    ],
                    "boot_disk_kms_key": "",
                    "confidential_nodes": [],
                    "containerd_config": [],
                    "disk_size_gb": 50,
                    "disk_type": "pd-standard",
                    "effective_taints": [],
                    "enable_confidential_storage": false,
                    "ephemeral_storage_local_ssd_config": [],
                    "fast_socket": [],
                    "flex_start": false,
                    "gcfs_config": [],
                    "guest_accelerator": [],
                    "gvnic": [],
                    "host_maintenance_policy": [],
                    "image_type": "COS_CONTAINERD",
                    "kubelet_config": [
                      {
                        "allowed_unsafe_sysctls": [],
                        "container_log_max_files": 0,
                        "container_log_max_size": "",
                        "cpu_cfs_quota": false,
                        "cpu_cfs_quota_period": "",
                        "cpu_manager_policy": "",
                        "eviction_max_pod_grace_period_seconds": 0,
                        "eviction_minimum_reclaim": [],
                        "eviction_soft": [],
                        "eviction_soft_grace_period": [],
                        "image_gc_high_threshold_percent": 0,
                        "image_gc_low_threshold_percent": 0,
                        "image_maximum_gc_age": "",
                        "image_minimum_gc_age": "",
                        "insecure_kubelet_readonly_port_enabled": "FALSE",
                        "max_parallel_image_pulls": 2,
                        "memory_manager": [],
                        "pod_pids_limit": 0,
                        "single_process_oom_kill": false,
                        "topology_manager": []
                      }
                    ],
                    "labels": {},
                    "linux_node_config": [],
                    "local_nvme_ssd_block_config": [],
                    "local_ssd_count": 0,
                    "local_ssd_encryption_mode": "",
                    "logging_variant": "DEFAULT",
                    "machine_type": "e2-medium",
                    "max_run_duration": "",
                    "metadata": {
                      "disable-legacy-endpoints": "true"
                    },
                    "min_cpu_platform": "",
                    "node_group": "",
                    "oauth_scopes": [
                      "https://www.googleapis.com/auth/cloud-platform"
                    ],
                    "preemptible": false,
                    "reservation_affinity": [],
                    "resource_labels": {
                      "goog-gke-node-pool-provisioning-model": "on-demand"
                    },
                    "resource_manager_tags": {},
                    "sandbox_config": [],
                    "secondary_boot_disks": [],
                    "service_account": "default",
                    "shielded_instance_config": [
                      {
                        "enable_integrity_monitoring": true,
                        "enable_secure_boot": false
                      }
                    ],
                    "sole_tenant_config": [],
                    "spot": false,
                    "storage_pools": [],
                    "tags": [],
                    "taint": [],
                    "windows_node_config": [
                      {
                        "osversion": ""
                      }
                    ],
                    "workload_metadata_config": []
                  }
                ],
                "node_count": 2,
                "node_drain_config": [],
                "node_locations": [
                  "us-central1-b",
                  "us-central1-c",
                  "us-central1-f"
                ],
                "placement_policy": [],
                "queued_provisioning": [],
                "upgrade_settings": [
                  {
                    "blue_green_settings": [],
                    "max_surge": 1,
                    "max_unavailable": 0,
                    "strategy": "SURGE"
                  }
                ],
                "version": "1.35.1-gke.1396002"
              }
            ],
            "node_pool_auto_config": [
              {
                "linux_node_config": [],
                "network_tags": [],
                "node_kubelet_config": [
                  {
                    "insecure_kubelet_readonly_port_enabled": "FALSE"
                  }
                ],
                "resource_manager_tags": {}
              }
            ],
            "node_pool_defaults": [
              {
                "node_config_defaults": [
                  {
                    "containerd_config": [],
                    "gcfs_config": [],
                    "insecure_kubelet_readonly_port_enabled": "FALSE",
                    "logging_variant": "DEFAULT"
                  }
                ]
              }
            ],
            "node_version": "1.35.1-gke.1396002",
            "notification_config": [
              {
                "pubsub": [
                  {
                    "enabled": false,
                    "filter": [],
                    "topic": ""
                  }
                ]
              }
            ],
            "operation": null,
            "pod_autoscaling": [
              {
                "hpa_profile": "PERFORMANCE"
              }
            ],
            "private_cluster_config": [
              {
                "enable_private_endpoint": false,
                "enable_private_nodes": false,
                "master_global_access_config": [
                  {
                    "enabled": false
                  }
                ],
                "master_ipv4_cidr_block": "",
                "peering_name": "",
                "private_endpoint": "10.128.0.32",
                "private_endpoint_subnetwork": "",
                "public_endpoint": "34.63.6.54"
              }
            ],
            "private_ipv6_google_access": "",
            "project": "unified-parser-493312-d0",
            "rbac_binding_config": [
              {
                "enable_insecure_binding_system_authenticated": true,
                "enable_insecure_binding_system_unauthenticated": true
              }
            ],
            "release_channel": [
              {
                "channel": "REGULAR"
              }
            ],
            "remove_default_node_pool": true,
            "resource_labels": {},
            "resource_usage_export_config": [],
            "secret_manager_config": [
              {
                "enabled": false,
                "rotation_config": []
              }
            ],
            "security_posture_config": [
              {
                "mode": "BASIC",
                "vulnerability_mode": "VULNERABILITY_MODE_UNSPECIFIED"
              }
            ],
            "self_link": "https://container.googleapis.com/v1/projects/unified-parser-493312-d0/locations/us-central1/clusters/crowdflow-cluster",
            "service_external_ips_config": [
              {
                "enabled": false
              }
            ],
            "services_ipv4_cidr": "34.118.224.0/20",
            "subnetwork": "projects/unified-parser-493312-d0/regions/us-central1/subnetworks/default",
            "terraform_labels": {
              "goog-terraform-provisioned": "true"
            },
            "timeouts": null,
            "tpu_ipv4_cidr_block": "",
            "user_managed_keys_config": [],
            "vertical_pod_autoscaling": [],
            "workload_identity_config": []
          },
          "sensitive_attributes": [
            [
              {
                "type": "get_attr",
                "value": "master_auth"
              },
              {
                "type": "index",
                "value": {
                  "value": 0,
                  "type": "number"
                }
              },
              {
                "type": "get_attr",
                "value": "client_key"
              }
            ]
          ],
          "identity_schema_version": 0,
          "private": "eyJlMmJmYjczMC1lY2FhLTExZTYtOGY4OC0zNDM2M2JjN2M0YzAiOnsiY3JlYXRlIjoyNDAwMDAwMDAwMDAwLCJkZWxldGUiOjI0MDAwMDAwMDAwMDAsInJlYWQiOjI0MDAwMDAwMDAwMDAsInVwZGF0ZSI6MzYwMDAwMDAwMDAwMH0sInNjaGVtYV92ZXJzaW9uIjoiMiJ9",
          "dependencies": [
            "google_project_service.enabled_services"
          ]
        }
      ]
    },
    {
      "mode": "managed",
      "type": "google_project_iam_member",
      "name": "github_actions_editor",
      "provider": "provider[\"registry.terraform.io/hashicorp/google\"]",
      "instances": [
        {
          "schema_version": 0,
          "attributes": {
            "condition": [],
            "etag": "BwZPa7mAG10=",
            "id": "unified-parser-493312-d0/roles/editor/serviceAccount:github-actions-sa@unified-parser-493312-d0.iam.gserviceaccount.com",
            "member": "serviceAccount:github-actions-sa@unified-parser-493312-d0.iam.gserviceaccount.com",
            "project": "unified-parser-493312-d0",
            "role": "roles/editor"
          },
          "sensitive_attributes": [],
          "identity_schema_version": 0,
          "private": "bnVsbA==",
          "dependencies": [
            "google_project_service.enabled_services",
            "google_service_account.github_actions"
          ]
        }
      ]
    },
    {
      "mode": "managed",
      "type": "google_project_service",
      "name": "enabled_services",
      "provider": "provider[\"registry.terraform.io/hashicorp/google\"]",
      "instances": [
        {
          "index_key": "artifactregistry.googleapis.com",
          "schema_version": 0,
          "attributes": {
            "disable_dependent_services": null,
            "disable_on_destroy": false,
            "id": "unified-parser-493312-d0/artifactregistry.googleapis.com",
            "project": "unified-parser-493312-d0",
            "service": "artifactregistry.googleapis.com",
            "timeouts": null
          },
          "sensitive_attributes": [],
          "identity_schema_version": 0,
          "private": "eyJlMmJmYjczMC1lY2FhLTExZTYtOGY4OC0zNDM2M2JjN2M0YzAiOnsiY3JlYXRlIjoxMjAwMDAwMDAwMDAwLCJkZWxldGUiOjEyMDAwMDAwMDAwMDAsInJlYWQiOjYwMDAwMDAwMDAwMCwidXBkYXRlIjoxMjAwMDAwMDAwMDAwfX0="
        },
        {
          "index_key": "cloudbuild.googleapis.com",
          "schema_version": 0,
          "attributes": {
            "disable_dependent_services": null,
            "disable_on_destroy": false,
            "id": "unified-parser-493312-d0/cloudbuild.googleapis.com",
            "project": "unified-parser-493312-d0",
            "service": "cloudbuild.googleapis.com",
            "timeouts": null
          },
          "sensitive_attributes": [],
          "identity_schema_version": 0,
          "private": "eyJlMmJmYjczMC1lY2FhLTExZTYtOGY4OC0zNDM2M2JjN2M0YzAiOnsiY3JlYXRlIjoxMjAwMDAwMDAwMDAwLCJkZWxldGUiOjEyMDAwMDAwMDAwMDAsInJlYWQiOjYwMDAwMDAwMDAwMCwidXBkYXRlIjoxMjAwMDAwMDAwMDAwfX0="
        },
        {
          "index_key": "cloudresourcemanager.googleapis.com",
          "schema_version": 0,
          "attributes": {
            "disable_dependent_services": null,
            "disable_on_destroy": false,
            "id": "unified-parser-493312-d0/cloudresourcemanager.googleapis.com",
            "project": "unified-parser-493312-d0",
            "service": "cloudresourcemanager.googleapis.com",
            "timeouts": null
          },
          "sensitive_attributes": [],
          "identity_schema_version": 0,
          "private": "eyJlMmJmYjczMC1lY2FhLTExZTYtOGY4OC0zNDM2M2JjN2M0YzAiOnsiY3JlYXRlIjoxMjAwMDAwMDAwMDAwLCJkZWxldGUiOjEyMDAwMDAwMDAwMDAsInJlYWQiOjYwMDAwMDAwMDAwMCwidXBkYXRlIjoxMjAwMDAwMDAwMDAwfX0="
        },
        {
          "index_key": "container.googleapis.com",
          "schema_version": 0,
          "attributes": {
            "disable_dependent_services": null,
            "disable_on_destroy": false,
            "id": "unified-parser-493312-d0/container.googleapis.com",
            "project": "unified-parser-493312-d0",
            "service": "container.googleapis.com",
            "timeouts": null
          },
          "sensitive_attributes": [],
          "identity_schema_version": 0,
          "private": "eyJlMmJmYjczMC1lY2FhLTExZTYtOGY4OC0zNDM2M2JjN2M0YzAiOnsiY3JlYXRlIjoxMjAwMDAwMDAwMDAwLCJkZWxldGUiOjEyMDAwMDAwMDAwMDAsInJlYWQiOjYwMDAwMDAwMDAwMCwidXBkYXRlIjoxMjAwMDAwMDAwMDAwfX0="
        },
        {
          "index_key": "iam.googleapis.com",
          "schema_version": 0,
          "attributes": {
            "disable_dependent_services": null,
            "disable_on_destroy": false,
            "id": "unified-parser-493312-d0/iam.googleapis.com",
            "project": "unified-parser-493312-d0",
            "service": "iam.googleapis.com",
            "timeouts": null
          },
          "sensitive_attributes": [],
          "identity_schema_version": 0,
          "private": "eyJlMmJmYjczMC1lY2FhLTExZTYtOGY4OC0zNDM2M2JjN2M0YzAiOnsiY3JlYXRlIjoxMjAwMDAwMDAwMDAwLCJkZWxldGUiOjEyMDAwMDAwMDAwMDAsInJlYWQiOjYwMDAwMDAwMDAwMCwidXBkYXRlIjoxMjAwMDAwMDAwMDAwfX0="
        },
        {
          "index_key": "redis.googleapis.com",
          "schema_version": 0,
          "attributes": {
            "disable_dependent_services": null,
            "disable_on_destroy": false,
            "id": "unified-parser-493312-d0/redis.googleapis.com",
            "project": "unified-parser-493312-d0",
            "service": "redis.googleapis.com",
            "timeouts": null
          },
          "sensitive_attributes": [],
          "identity_schema_version": 0,
          "private": "eyJlMmJmYjczMC1lY2FhLTExZTYtOGY4OC0zNDM2M2JjN2M0YzAiOnsiY3JlYXRlIjoxMjAwMDAwMDAwMDAwLCJkZWxldGUiOjEyMDAwMDAwMDAwMDAsInJlYWQiOjYwMDAwMDAwMDAwMCwidXBkYXRlIjoxMjAwMDAwMDAwMDAwfX0="
        },
        {
          "index_key": "sqladmin.googleapis.com",
          "schema_version": 0,
          "attributes": {
            "disable_dependent_services": null,
            "disable_on_destroy": false,
            "id": "unified-parser-493312-d0/sqladmin.googleapis.com",
            "project": "unified-parser-493312-d0",
            "service": "sqladmin.googleapis.com",
            "timeouts": null
          },
          "sensitive_attributes": [],
          "identity_schema_version": 0,
          "private": "eyJlMmJmYjczMC1lY2FhLTExZTYtOGY4OC0zNDM2M2JjN2M0YzAiOnsiY3JlYXRlIjoxMjAwMDAwMDAwMDAwLCJkZWxldGUiOjEyMDAwMDAwMDAwMDAsInJlYWQiOjYwMDAwMDAwMDAwMCwidXBkYXRlIjoxMjAwMDAwMDAwMDAwfX0="
        }
      ]
    },
    {
      "mode": "managed",
      "type": "google_redis_instance",
      "name": "cache",
      "provider": "provider[\"registry.terraform.io/hashicorp/google\"]",
      "instances": [
        {
          "schema_version": 0,
          "attributes": {
            "alternative_location_id": "",
            "auth_enabled": false,
            "auth_string": "",
            "authorized_network": "projects/unified-parser-493312-d0/global/networks/default",
            "connect_mode": "DIRECT_PEERING",
            "create_time": "2026-04-14T13:38:09.703387961Z",
            "current_location_id": "us-central1-a",
            "customer_managed_key": "",
            "deletion_protection": null,
            "display_name": "",
            "effective_labels": {
              "goog-terraform-provisioned": "true"
            },
            "effective_reserved_ip_range": "10.171.5.96/29",
            "host": "10.171.5.99",
            "id": "projects/unified-parser-493312-d0/locations/us-central1/instances/crowdflow-cache",
            "labels": {},
            "location_id": "us-central1-a",
            "maintenance_policy": [],
            "maintenance_schedule": [],
            "maintenance_version": "20251007_00_00",
            "memory_size_gb": 1,
            "name": "crowdflow-cache",
            "nodes": [
              {
                "id": "node-0",
                "zone": "us-central1-a"
              }
            ],
            "persistence_config": [
              {
                "persistence_mode": "DISABLED",
                "rdb_next_snapshot_time": "",
                "rdb_snapshot_period": "",
                "rdb_snapshot_start_time": ""
              }
            ],
            "persistence_iam_identity": "serviceAccount:service-190515633336@cloud-redis.iam.gserviceaccount.com",
            "port": 6379,
            "project": "unified-parser-493312-d0",
            "read_endpoint": "",
            "read_endpoint_port": 0,
            "read_replicas_mode": "READ_REPLICAS_DISABLED",
            "redis_configs": {},
            "redis_version": "REDIS_7_0",
            "region": "us-central1",
            "replica_count": 0,
            "reserved_ip_range": null,
            "secondary_ip_range": "",
            "server_ca_certs": [],
            "terraform_labels": {
              "goog-terraform-provisioned": "true"
            },
            "tier": "BASIC",
            "timeouts": null,
            "transit_encryption_mode": "DISABLED"
          },
          "sensitive_attributes": [
            [
              {
                "type": "get_attr",
                "value": "auth_string"
              }
            ]
          ],
          "identity_schema_version": 0,
          "private": "eyJlMmJmYjczMC1lY2FhLTExZTYtOGY4OC0zNDM2M2JjN2M0YzAiOnsiY3JlYXRlIjoxMjAwMDAwMDAwMDAwLCJkZWxldGUiOjEyMDAwMDAwMDAwMDAsInVwZGF0ZSI6MTIwMDAwMDAwMDAwMH19",
          "dependencies": [
            "google_project_service.enabled_services"
          ]
        }
      ]
    },
    {
      "mode": "managed",
      "type": "google_service_account",
      "name": "github_actions",
      "provider": "provider[\"registry.terraform.io/hashicorp/google\"]",
      "instances": [
        {
          "schema_version": 0,
          "attributes": {
            "account_id": "github-actions-sa",
            "create_ignore_already_exists": null,
            "description": "",
            "disabled": false,
            "display_name": "GitHub Actions Service Account",
            "email": "github-actions-sa@unified-parser-493312-d0.iam.gserviceaccount.com",
            "id": "projects/unified-parser-493312-d0/serviceAccounts/github-actions-sa@unified-parser-493312-d0.iam.gserviceaccount.com",
            "member": "serviceAccount:github-actions-sa@unified-parser-493312-d0.iam.gserviceaccount.com",
            "name": "projects/unified-parser-493312-d0/serviceAccounts/github-actions-sa@unified-parser-493312-d0.iam.gserviceaccount.com",
            "project": "unified-parser-493312-d0",
            "timeouts": null,
            "unique_id": "110080208932012038212"
          },
          "sensitive_attributes": [],
          "identity_schema_version": 0,
          "private": "eyJlMmJmYjczMC1lY2FhLTExZTYtOGY4OC0zNDM2M2JjN2M0YzAiOnsiY3JlYXRlIjozMDAwMDAwMDAwMDB9fQ==",
          "dependencies": [
            "google_project_service.enabled_services"
          ]
        }
      ]
    },
    {
      "mode": "managed",
      "type": "google_service_account_key",
      "name": "github_actions_key",
      "provider": "provider[\"registry.terraform.io/hashicorp/google\"]",
      "instances": [
        {
          "schema_version": 0,
          "attributes": {
            "id": "projects/unified-parser-493312-d0/serviceAccounts/github-actions-sa@unified-parser-493312-d0.iam.gserviceaccount.com/keys/a04400a63c6916d3e985957a3a73a9c54dd9af42",
            "keepers": null,
            "key_algorithm": "KEY_ALG_RSA_2048",
            "name": "projects/unified-parser-493312-d0/serviceAccounts/github-actions-sa@unified-parser-493312-d0.iam.gserviceaccount.com/keys/a04400a63c6916d3e985957a3a73a9c54dd9af42",
            "private_key": "ewogICJ0eXBlIjogInNlcnZpY2VfYWNjb3VudCIsCiAgInByb2plY3RfaWQiOiAidW5pZmllZC1wYXJzZXItNDkzMzEyLWQwIiwKICAicHJpdmF0ZV9rZXlfaWQiOiAiYTA0NDAwYTYzYzY5MTZkM2U5ODU5NTdhM2E3M2E5YzU0ZGQ5YWY0MiIsCiAgInByaXZhdGVfa2V5IjogIi0tLS0tQkVHSU4gUFJJVkFURSBLRVktLS0tLVxuTUlJRXZRSUJBREFOQmdrcWhraUc5dzBCQVFFRkFBU0NCS2N3Z2dTakFnRUFBb0lCQVFDZDExZjFHSFBZVkhidFxudHFBRHF6d2ljNFU2ZlNOVzlhYlVQdVNLcGY2R0NLMWVXZFpRSFljRmlsSVNNSlZxWnBDaDg1UHZlV3NxZFJSRlxuc0JnbGsyd1BySGlEbW11dHNJWUwvZVhvS2NVZkovNHRwam8rejVNUEs2TGxWMENVWjB4Vm9naWF3UFU4WUQ3N1xuR1FNZHpuck5TT3FGeE80Z05EOVkvTXVJcFhPYkpma3JUUWEzK29Va3BDZGl4YjFremJMRDFvK2ppd0hjR2ovWlxuT1puRHA3d0VZZExXREpDNTZOcGQxcWNQNjdUa0FCV2JrWkpWcmFVVmJmYUFYMTMwbGtKdHBOTmNJa3Jsd1FuclxuenptYmtYNVFnWEVYR3dtOVN5NXo2MnU5TGZDZXJ6TmlUc1F2akVZNDBSYzdFVWlXVFc4MGROSDdRZVZGNng1MFxubnhkc3BTWTlBZ01CQUFFQ2dnRUFBc0hsbmNXZHI2eC9ySlRYM2NpS3VYN3pWNVVpcXdOV20wUUROUllRcnlIQVxuUm1Zditmb2U0S0hNMzlmZ0NTYTNXTGdrdWNOZDlBSFR6VlhjVGlGWUZLSnFtY0VwOUpwVWpzTkYxanRieGxKMlxuMWpCUnVaSElLSnN3REFhZ1NoZHBGZUN3RkdUUjl5UEFmNFBncFZ3b0xBdTNXcnNZNUtvaHpNWjV5cFRUd3hmNVxubW9YQkpKNncwMWxtTTJpc3JKNjE3dXg5UEdzZEtYcHhjYjdkRFVGM0YyL0M4LzJ0eUQ0YmU1cTBISWJxL1R3ZlxuRmZXWWt1b2VwTzJxR1ZFRWZxbGlxREZLcmdiVk83UG9OYWROVmtneDNITnpQK1lJcGpLZDdlYUs0RWpQMEJDU1xuYzJGMWhRMm1KdTVjQnJrUHFzamNTRlZWRWRYS1NJU0dVVU1nSTdhNUlRS0JnUURSa2FZLy81Njh0OUVlVTAzNVxuVWxGaWl2dUdiZ05hOHdyNEMrbFdwejZIWXY2OFBGdVVyQm9vSVlaWVlzeUhQODdhejRpTm9aRGY3cG41Nk1BN1xueHBZQ0tBSTZoUHlkNVhxdzgxbDY1Nmt1RmMrWW44SVBKelJzcVpDT0REK3d5b1JUZzNWQnNqd3krKzNQbWNkQ1xuWVhqOW5UUU1NRjBkYzB0U3BpUys0SS9pY1FLQmdRREF6OHRqS0JzOTM1ZkZKclNXeGFNMU9jL2pKbzlUYTNaVlxuTXJ5a1RrVWcxMldqdjF4aFZ3K3JOa0hXUFFDRTRPQURjQmhJYUVwN3RlaHdwU1ZRUkxOcTlsWG9od2RBdEJYTlxuR0ZJRUJienltUHdEZjVSc2FnWmNiYk9IV21Dd1NGcUZNRlBScWVJaE1lZ05VYXI2eFNoZVJlMGZnaDdwbTJTbFxuWDJJNEVsZE9qUUtCZ1FERDNlRUlCNTBRdkt4U0w0RzgrRmJnUncxMlF2UVgyUGZ6aFE1ODBxcjZWbWZHL3BLSlxuamFDVXlXQ0sweXhkYkNHbEdEcUVSUERtbWxhRzRDWnF0OXdULzlpMVlQM0poV1Q2WlRiSVRDUXUwbXZJTmVobFxueVRxU0pKamFhbEJNcDdxdFl6d0FQdGxNdlhFeWlvTlZZMHgxbkt1OGlLYytremRlODdGOFJOMjF3UUtCZ0hxNFxuaDVxd0gwNnRidHMwUElNdWZpZlZpU1RxR1JXZWMyM2M0a2F0N3IvdGVTclZGTVo3OUdRa0g1bHRzRlBqRVpIK1xubWVZVVF6d2tWekxEV2xHUnVLVGU3MlVWOUo3UlFJTU85THpNcml1M0JjaHdQcGNXa0wvcHJ2ZjZwVW51YzNjTVxuZ0gwVlpQRjk0MVgrNGhYRXdXSG5uZnFOQm9IbnZ4S20rRXY2R0luTkFvR0FQNXkvQXBLcWQ1ZEg2OEk2QitkVFxuTzNyMFR5OVNyWHJ4ZlQ3bVM1MFpPMUZuTndyaVJ2WFFZenhsUzdjdGt1VDBXQzBDQjNYUHVtUzd6WTlCSmxUYVxuS1hXdHhEbWV1WFVrV2QvR0Z4Nnk4YWF2OGZVaFYyTGRtWEtVWFlDUk9XQ1hxU2U1WGtvaVZYV3BybWtQYVl5NlxuQTFTTTlpbDVLR2VubUlvaVpsYUZoNnM9XG4tLS0tLUVORCBQUklWQVRFIEtFWS0tLS0tXG4iLAogICJjbGllbnRfZW1haWwiOiAiZ2l0aHViLWFjdGlvbnMtc2FAdW5pZmllZC1wYXJzZXItNDkzMzEyLWQwLmlhbS5nc2VydmljZWFjY291bnQuY29tIiwKICAiY2xpZW50X2lkIjogIjExMDA4MDIwODkzMjAxMjAzODIxMiIsCiAgImF1dGhfdXJpIjogImh0dHBzOi8vYWNjb3VudHMuZ29vZ2xlLmNvbS9vL29hdXRoMi9hdXRoIiwKICAidG9rZW5fdXJpIjogImh0dHBzOi8vb2F1dGgyLmdvb2dsZWFwaXMuY29tL3Rva2VuIiwKICAiYXV0aF9wcm92aWRlcl94NTA5X2NlcnRfdXJsIjogImh0dHBzOi8vd3d3Lmdvb2dsZWFwaXMuY29tL29hdXRoMi92MS9jZXJ0cyIsCiAgImNsaWVudF94NTA5X2NlcnRfdXJsIjogImh0dHBzOi8vd3d3Lmdvb2dsZWFwaXMuY29tL3JvYm90L3YxL21ldGFkYXRhL3g1MDkvZ2l0aHViLWFjdGlvbnMtc2ElNDB1bmlmaWVkLXBhcnNlci00OTMzMTItZDAuaWFtLmdzZXJ2aWNlYWNjb3VudC5jb20iLAogICJ1bml2ZXJzZV9kb21haW4iOiAiZ29vZ2xlYXBpcy5jb20iCn0K",
            "private_key_type": "TYPE_GOOGLE_CREDENTIALS_FILE",
            "public_key": "LS0tLS1CRUdJTiBDRVJUSUZJQ0FURS0tLS0tCk1JSUMvRENDQWVTZ0F3SUJBZ0lJY2Uva3F2a1I4TkV3RFFZSktvWklodmNOQVFFRkJRQXdJREVlTUJ3R0ExVUUKQXd3Vk1URXdNRGd3TWpBNE9UTXlNREV5TURNNE1qRXlNQ0FYRFRJMk1EUXhOREV6TXpneU1Wb1lEems1T1RreApNak14TWpNMU9UVTVXakFnTVI0d0hBWURWUVFEREJVeE1UQXdPREF5TURnNU16SXdNVEl3TXpneU1USXdnZ0VpCk1BMEdDU3FHU0liM0RRRUJBUVVBQTRJQkR3QXdnZ0VLQW9JQkFRQ2QxMWYxR0hQWVZIYnR0cUFEcXp3aWM0VTYKZlNOVzlhYlVQdVNLcGY2R0NLMWVXZFpRSFljRmlsSVNNSlZxWnBDaDg1UHZlV3NxZFJSRnNCZ2xrMndQckhpRAptbXV0c0lZTC9lWG9LY1VmSi80dHBqbyt6NU1QSzZMbFYwQ1VaMHhWb2dpYXdQVThZRDc3R1FNZHpuck5TT3FGCnhPNGdORDlZL011SXBYT2JKZmtyVFFhMytvVWtwQ2RpeGIxa3piTEQxbytqaXdIY0dqL1pPWm5EcDd3RVlkTFcKREpDNTZOcGQxcWNQNjdUa0FCV2JrWkpWcmFVVmJmYUFYMTMwbGtKdHBOTmNJa3Jsd1Fucnp6bWJrWDVRZ1hFWApHd205U3k1ejYydTlMZkNlcnpOaVRzUXZqRVk0MFJjN0VVaVdUVzgwZE5IN1FlVkY2eDUwbnhkc3BTWTlBZ01CCkFBR2pPREEyTUF3R0ExVWRFd0VCL3dRQ01BQXdEZ1lEVlIwUEFRSC9CQVFEQWdlQU1CWUdBMVVkSlFFQi93UU0KTUFvR0NDc0dBUVVGQndNQ01BMEdDU3FHU0liM0RRRUJCUVVBQTRJQkFRQXZmaG5UdDZrNDVYRW5XY3JKZExTRApYeFFIaERKbnBURzhrZUROdDVRTlBlVVRTRjJQc1pONCtRcHhGa3pSMWZKNk5pV1RUSXhBU0F5Sm52UVp6emprCm1USmVtZDRTSW9wbXRzOVZwMTFOeHZnbFFxWVZmY3NIYUlkR3UxdFN4b1hVaytMb0ZnamNjOHBBeDMwQVNyNS8KS0lFeFgydlAvUlI5SVRaV1hEamt3aDNkbmtKc2ZUM1dXZGRqcWcxTkF1ZUhPQ1dNcDNydC90K3o3UzJ5ZWxiRgpieE1XTm1MdTR6MVdiZkNvYUVIMW1PbGp0cnBLVnE4TlppU3liN092OU9sWExiRklyWFJwZlZaQ2FkendCZCthCkw2WWlSQlI3SGk1MFp0ak50anhmVzFRQ2ZmR3NCL3lJMk8wVXkzbGxBVk93MStZMzQ3Wi9McTBJQTQxaVdULzEKLS0tLS1FTkQgQ0VSVElGSUNBVEUtLS0tLQo=",
            "public_key_data": null,
            "public_key_type": "TYPE_X509_PEM_FILE",
            "service_account_id": "projects/unified-parser-493312-d0/serviceAccounts/github-actions-sa@unified-parser-493312-d0.iam.gserviceaccount.com",
            "valid_after": "2026-04-14T13:38:21Z",
            "valid_before": "9999-12-31T23:59:59Z"
          },
          "sensitive_attributes": [
            [
              {
                "type": "get_attr",
                "value": "private_key"
              }
            ]
          ],
          "identity_schema_version": 0,
          "private": "bnVsbA==",
          "dependencies": [
            "google_project_service.enabled_services",
            "google_service_account.github_actions"
          ]
        }
      ]
    },
    {
      "mode": "managed",
      "type": "google_sql_database",
      "name": "database",
      "provider": "provider[\"registry.terraform.io/hashicorp/google\"]",
      "instances": [
        {
          "schema_version": 0,
          "attributes": {
            "charset": "UTF8",
            "collation": "en_US.UTF8",
            "deletion_policy": "DELETE",
            "id": "projects/unified-parser-493312-d0/instances/crowdflow-postgres/databases/crowdflow",
            "instance": "crowdflow-postgres",
            "name": "crowdflow",
            "project": "unified-parser-493312-d0",
            "self_link": "https://sqladmin.googleapis.com/sql/v1beta4/projects/unified-parser-493312-d0/instances/crowdflow-postgres/databases/crowdflow",
            "timeouts": null
          },
          "sensitive_attributes": [],
          "identity_schema_version": 0,
          "private": "eyJlMmJmYjczMC1lY2FhLTExZTYtOGY4OC0zNDM2M2JjN2M0YzAiOnsiY3JlYXRlIjoxMjAwMDAwMDAwMDAwLCJkZWxldGUiOjEyMDAwMDAwMDAwMDAsInVwZGF0ZSI6MTIwMDAwMDAwMDAwMH19",
          "dependencies": [
            "google_project_service.enabled_services",
            "google_sql_database_instance.postgres"
          ]
        }
      ]
    },
    {
      "mode": "managed",
      "type": "google_sql_database_instance",
      "name": "postgres",
      "provider": "provider[\"registry.terraform.io/hashicorp/google\"]",
      "instances": [
        {
          "schema_version": 0,
          "attributes": {
            "available_maintenance_versions": [],
            "backupdr_backup": null,
            "clone": [],
            "connection_name": "unified-parser-493312-d0:us-central1:crowdflow-postgres",
            "database_version": "POSTGRES_16",
            "deletion_protection": false,
            "dns_name": "",
            "dns_names": [],
            "encryption_key_name": null,
            "final_backup_description": null,
            "first_ip_address": "34.45.174.62",
            "id": "crowdflow-postgres",
            "instance_type": "CLOUD_SQL_INSTANCE",
            "ip_address": [
              {
                "ip_address": "34.45.174.62",
                "time_to_retire": "",
                "type": "PRIMARY"
              },
              {
                "ip_address": "34.30.93.125",
                "time_to_retire": "",
                "type": "OUTGOING"
              }
            ],
            "maintenance_version": "POSTGRES_16_13.R20260319.00_02",
            "master_instance_name": "",
            "name": "crowdflow-postgres",
            "node_count": 0,
            "point_in_time_restore_context": [],
            "private_ip_address": "",
            "project": "unified-parser-493312-d0",
            "psc_service_attachment_link": "",
            "public_ip_address": "34.45.174.62",
            "region": "us-central1",
            "replica_configuration": [],
            "replica_names": [],
            "replication_cluster": [
              {
                "dr_replica": false,
                "failover_dr_replica_name": "",
                "psa_write_endpoint": ""
              }
            ],
            "restore_backup_context": [],
            "root_password": null,
            "root_password_wo": null,
            "root_password_wo_version": null,
            "self_link": "https://sqladmin.googleapis.com/sql/v1beta4/projects/unified-parser-493312-d0/instances/crowdflow-postgres",
            "server_ca_cert": [
              {
                "cert": "-----BEGIN CERTIFICATE-----\nMIIDcTCCAlmgAwIBAgIBADANBgkqhkiG9w0BAQsFADBwMS0wKwYDVQQuEyRkYWVm\nNDJmZC0wNTNmLTQ0ODQtOWRkMi01MTEyMTg0ZDk1NjUxHDAaBgNVBAMTE0Nsb3Vk\nIFNRTCBTZXJ2ZXIgQ0ExFDASBgNVBAoTC0dvb2dsZSwgSW5jMQswCQYDVQQGEwJV\nUzAeFw0yNjA0MTQxNTU0NTRaFw0zNjA0MTExNTU1NTRaMHAxLTArBgNVBC4TJGRh\nZWY0MmZkLTA1M2YtNDQ4NC05ZGQyLTUxMTIxODRkOTU2NTEcMBoGA1UEAxMTQ2xv\ndWQgU1FMIFNlcnZlciBDQTEUMBIGA1UEChMLR29vZ2xlLCBJbmMxCzAJBgNVBAYT\nAlVTMIIBIjANBgkqhkiG9w0BAQEFAAOCAQ8AMIIBCgKCAQEAs4YB9iw3RXiAc1tC\n0F0VcVy/Q+zcCAB1+Kr0Ac1tvtZi0zBLmejeZFbeFgu8WALz9FpMrBN3g3Gqlo/s\npjv84lbIsPq5NZlbdkBPrNGWQQv35jHSF0+yEFboWHr8/AS/pJpyhxw2J4gejyZl\nsSRX81+F+8XGY1pK1ppgNQvZM1ozJDcpXXILP8gLgLJdTCx5R/AeIXcqvOREw5FB\nN9Wxs4dV0E9cPxt2i3cC2J4ce6GwnFAWddH04vBCZLLI4/Tp/wY8ekMEVs5H/BTI\nRsdTAq3YMZexpkKd3XmeiP3VSmYd1YlUDMVOuAc3qfmEkP5fFxSLE2cPwEh2l0JW\nl2j8iwIDAQABoxYwFDASBgNVHRMBAf8ECDAGAQH/AgEAMA0GCSqGSIb3DQEBCwUA\nA4IBAQABCKXJOUQB6+xT8UXuafjzBxJPOwDbABV9ZNmX9FCnDQcmkQbAjpfA9R8S\n3UbbkQw7fN5R9BTFTCMFc8sZMaQBvBl0iWiafazTEt2uDjQXc7UrchlKplB9cjqO\nzXxIapUK9GxN9ze+nvN89nDNSwuYxHOVaYfHjGjvGkw3H9EVgWqnsIl0EuqmXFPA\nVB6sqTFPPKEQpfFZBVfodbJqCl2t6HVudWIzbXeN+lp0C8KcUjnyKLQHNpRAcWOh\nWEcbL1euon7pZgngW+3FYE0GxB9sDaJE6gneWLJh5+rzpAmZKIP+eW/g7kta5Pgk\nj0VDV0yihSbh2+7FNB97AlfIOPYA\n-----END CERTIFICATE-----",
                "common_name": "C=US,O=Google\\, Inc,CN=Cloud SQL Server CA,dnQualifier=daef42fd-053f-4484-9dd2-5112184d9565",
                "create_time": "2026-04-14T15:54:54.396Z",
                "expiration_time": "2036-04-11T15:55:54.396Z",
                "sha1_fingerprint": "22052cb73609a7072aa1c81167765728ffb962f3"
              }
            ],
            "service_account_email_address": "p190515633336-3moyzu@gcp-sa-cloud-sql.iam.gserviceaccount.com",
            "settings": [
              {
                "activation_policy": "ALWAYS",
                "active_directory_config": [],
                "advanced_machine_features": [],
                "auto_upgrade_enabled": false,
                "availability_type": "ZONAL",
                "backup_configuration": [
                  {
                    "backup_retention_settings": [
                      {
                        "retained_backups": 7,
                        "retention_unit": "COUNT"
                      }
                    ],
                    "backup_tier": "STANDARD",
                    "binary_log_enabled": false,
                    "enabled": false,
                    "location": "",
                    "point_in_time_recovery_enabled": false,
                    "start_time": "09:00",
                    "transaction_log_retention_days": 7
                  }
                ],
                "collation": "",
                "connection_pool_config": [],
                "connector_enforcement": "NOT_REQUIRED",
                "data_api_access": "",
                "data_cache_config": [
                  {
                    "data_cache_enabled": false
                  }
                ],
                "database_flags": [],
                "deletion_protection_enabled": false,
                "deny_maintenance_period": [],
                "disk_autoresize": true,
                "disk_autoresize_limit": 0,
                "disk_size": 10,
                "disk_type": "PD_HDD",
                "edition": "ENTERPRISE",
                "effective_availability_type": "ZONAL",
                "enable_dataplex_integration": false,
                "enable_google_ml_integration": false,
                "final_backup_config": [],
                "insights_config": [],
                "ip_configuration": [
                  {
                    "allocated_ip_range": "",
                    "authorized_networks": [],
                    "custom_subject_alternative_names": [],
                    "enable_private_path_for_google_cloud_services": false,
                    "ipv4_enabled": true,
                    "private_network": "",
                    "psc_config": [],
                    "server_ca_mode": "GOOGLE_MANAGED_INTERNAL_CA",
                    "server_ca_pool": "",
                    "server_certificate_rotation_mode": "SERVER_CERTIFICATE_ROTATION_MODE_UNSPECIFIED",
                    "ssl_mode": "ALLOW_UNENCRYPTED_AND_ENCRYPTED"
                  }
                ],
                "location_preference": [
                  {
                    "follow_gae_application": "",
                    "secondary_zone": "",
                    "zone": "us-central1-a"
                  }
                ],
                "maintenance_window": [],
                "password_validation_policy": [],
                "pricing_plan": "PER_USE",
                "read_pool_auto_scale_config": [
                  {
                    "disable_scale_in": false,
                    "enabled": false,
                    "max_node_count": 0,
                    "min_node_count": 0,
                    "scale_in_cooldown_seconds": 0,
                    "scale_out_cooldown_seconds": 0,
                    "target_metrics": []
                  }
                ],
                "retain_backups_on_delete": false,
                "sql_server_audit_config": [],
                "tier": "db-f1-micro",
                "time_zone": "",
                "user_labels": {},
                "version": 2
              }
            ],
            "timeouts": null
          },
          "sensitive_attributes": [
            [
              {
                "type": "get_attr",
                "value": "root_password"
              }
            ],
            [
              {
                "type": "get_attr",
                "value": "server_ca_cert"
              }
            ]
          ],
          "identity_schema_version": 0,
          "private": "eyJlMmJmYjczMC1lY2FhLTExZTYtOGY4OC0zNDM2M2JjN2M0YzAiOnsiY3JlYXRlIjo1NDAwMDAwMDAwMDAwLCJkZWxldGUiOjU0MDAwMDAwMDAwMDAsInVwZGF0ZSI6NTQwMDAwMDAwMDAwMH19",
          "dependencies": [
            "google_project_service.enabled_services"
          ]
        }
      ]
    },
    {
      "mode": "managed",
      "type": "google_sql_user",
      "name": "users",
      "provider": "provider[\"registry.terraform.io/hashicorp/google\"]",
      "instances": [
        {
          "schema_version": 1,
          "attributes": {
            "database_roles": null,
            "deletion_policy": null,
            "host": "",
            "iam_email": "",
            "id": "crowdflow_admin//crowdflow-postgres",
            "instance": "crowdflow-postgres",
            "name": "crowdflow_admin",
            "password": "changeme123",
            "password_policy": [],
            "password_wo": null,
            "password_wo_version": null,
            "project": "unified-parser-493312-d0",
            "sql_server_user_details": [],
            "timeouts": null,
            "type": ""
          },
          "sensitive_attributes": [
            [
              {
                "type": "get_attr",
                "value": "password"
              }
            ]
          ],
          "identity_schema_version": 0,
          "private": "eyJlMmJmYjczMC1lY2FhLTExZTYtOGY4OC0zNDM2M2JjN2M0YzAiOnsiY3JlYXRlIjo2MDAwMDAwMDAwMDAsImRlbGV0ZSI6NjAwMDAwMDAwMDAwLCJ1cGRhdGUiOjYwMDAwMDAwMDAwMH0sInNjaGVtYV92ZXJzaW9uIjoiMSJ9",
          "dependencies": [
            "google_project_service.enabled_services",
            "google_sql_database_instance.postgres"
          ]
        }
      ]
    }
  ],
  "check_results": null
}
